
Microsoft Visual Studio Solution File, Format Version 12.00
# Visual Studio Version 17
VisualStudioVersion = 17.8.34330.188
MinimumVisualStudioVersion = 10.0.40219.1
Project("{FAE04EC0-301F-11D3-BF4B-00C04F79EFBC}") = "MyAkademi.CQRSDesignPattern", "MyAkademi.CQRSDesignPattern\MyAkademi.CQRSDesignPattern.csproj", "{1512381A-6EDF-4FF5-8483-E34B11BC01FB}"
EndProject
Global
	GlobalSection(SolutionConfigurationPlatforms) = preSolution
		Debug|Any CPU = Debug|Any CPU
		Release|Any CPU = Release|Any CPU
	EndGlobalSection
	GlobalSection(ProjectConfigurationPlatforms) = postSolution
		{1512381A-6EDF-4FF5-8483-E34B11BC01FB}.Debug|Any CPU.ActiveCfg = Debug|Any CPU
		{1512381A-6EDF-4FF5-8483-E34B11BC01FB}.Debug|Any CPU.Build.0 = Debug|Any CPU
		{1512381A-6EDF-4FF5-8483-E34B11BC01FB}.Release|Any CPU.ActiveCfg = Release|Any CPU
		{1512381A-6EDF-4FF5-8483-E34B11BC01FB}.Release|Any CPU.Build.0 = Release|Any CPU
	EndGlobalSection
	GlobalSection(SolutionProperties) = preSolution
		HideSolutionNode = FALSE
	EndGlobalSection
	GlobalSection(ExtensibilityGlobals) = postSolution
		SolutionGuid = {5E47DE8B-B132-4832-92A3-0514C928D6B5}
	EndGlobalSection
EndGlobal
